
Microsoft Visual Studio Solution File, Format Version 12.00
# Visual Studio Version 17
VisualStudioVersion = 17.14.36623.8 d17.14
MinimumVisualStudioVersion = 10.0.40219.1
Project("{FAE04EC0-301F-11D3-BF4B-00C04F79EFBC}") = "FinWise.API", "FinWise.API.csproj", "{03C9621D-5A49-426D-80FE-250501D61B86}"
EndProject
Global
	GlobalSection(SolutionConfigurationPlatforms) = preSolution
		Debug|Any CPU = Debug|Any CPU
		Release|Any CPU = Release|Any CPU
	EndGlobalSection
	GlobalSection(ProjectConfigurationPlatforms) = postSolution
		{03C9621D-5A49-426D-80FE-250501D61B86}.Debug|Any CPU.ActiveCfg = Debug|Any CPU
		{03C9621D-5A49-426D-80FE-250501D61B86}.Debug|Any CPU.Build.0 = Debug|Any CPU
		{03C9621D-5A49-426D-80FE-250501D61B86}.Release|Any CPU.ActiveCfg = Release|Any CPU
		{03C9621D-5A49-426D-80FE-250501D61B86}.Release|Any CPU.Build.0 = Release|Any CPU
	EndGlobalSection
	GlobalSection(SolutionProperties) = preSolution
		HideSolutionNode = FALSE
	EndGlobalSection
	GlobalSection(ExtensibilityGlobals) = postSolution
		SolutionGuid = {961C0295-82C6-422B-AE3F-FA37E06130A6}
	EndGlobalSection
EndGlobal
